
Microsoft Visual Studio Solution File, Format Version 12.00
Project("{FAE04EC0-301F-11D3-BF4B-00C04F79EFBC}") = "NeoVortex.Domain", "NeoVortex.Domain\NeoVortex.Domain.csproj", "{E01BAF32-BB09-4B1D-BCB2-85099C81E32D}"
EndProject
Project("{FAE04EC0-301F-11D3-BF4B-00C04F79EFBC}") = "NeoVortex.Application", "NeoVortex.Application\NeoVortex.Application.csproj", "{3D9AD3C3-22E0-46A7-87EF-8324CE1BF189}"
EndProject
Project("{FAE04EC0-301F-11D3-BF4B-00C04F79EFBC}") = "NeoVortex.Infrastructure", "NeoVortex.Infrastructure\NeoVortex.Infrastructure.csproj", "{C02754DB-07B4-4C08-9813-02F9D8311B48}"
EndProject
Project("{FAE04EC0-301F-11D3-BF4B-00C04F79EFBC}") = "NeoVortex.Presentation", "NeoVortex.Presentation\NeoVortex.Presentation.csproj", "{0CEA4F34-69D6-4033-B2AA-E630B433583E}"
EndProject
Global
	GlobalSection(SolutionConfigurationPlatforms) = preSolution
		Debug|Any CPU = Debug|Any CPU
		Release|Any CPU = Release|Any CPU
	EndGlobalSection
	GlobalSection(ProjectConfigurationPlatforms) = postSolution
		{E01BAF32-BB09-4B1D-BCB2-85099C81E32D}.Debug|Any CPU.ActiveCfg = Debug|Any CPU
		{E01BAF32-BB09-4B1D-BCB2-85099C81E32D}.Debug|Any CPU.Build.0 = Debug|Any CPU
		{E01BAF32-BB09-4B1D-BCB2-85099C81E32D}.Release|Any CPU.ActiveCfg = Release|Any CPU
		{E01BAF32-BB09-4B1D-BCB2-85099C81E32D}.Release|Any CPU.Build.0 = Release|Any CPU
		{3D9AD3C3-22E0-46A7-87EF-8324CE1BF189}.Debug|Any CPU.ActiveCfg = Debug|Any CPU
		{3D9AD3C3-22E0-46A7-87EF-8324CE1BF189}.Debug|Any CPU.Build.0 = Debug|Any CPU
		{3D9AD3C3-22E0-46A7-87EF-8324CE1BF189}.Release|Any CPU.ActiveCfg = Release|Any CPU
		{3D9AD3C3-22E0-46A7-87EF-8324CE1BF189}.Release|Any CPU.Build.0 = Release|Any CPU
		{C02754DB-07B4-4C08-9813-02F9D8311B48}.Debug|Any CPU.ActiveCfg = Debug|Any CPU
		{C02754DB-07B4-4C08-9813-02F9D8311B48}.Debug|Any CPU.Build.0 = Debug|Any CPU
		{C02754DB-07B4-4C08-9813-02F9D8311B48}.Release|Any CPU.ActiveCfg = Release|Any CPU
		{C02754DB-07B4-4C08-9813-02F9D8311B48}.Release|Any CPU.Build.0 = Release|Any CPU
		{0CEA4F34-69D6-4033-B2AA-E630B433583E}.Debug|Any CPU.ActiveCfg = Debug|Any CPU
		{0CEA4F34-69D6-4033-B2AA-E630B433583E}.Debug|Any CPU.Build.0 = Debug|Any CPU
		{0CEA4F34-69D6-4033-B2AA-E630B433583E}.Release|Any CPU.ActiveCfg = Release|Any CPU
		{0CEA4F34-69D6-4033-B2AA-E630B433583E}.Release|Any CPU.Build.0 = Release|Any CPU
	EndGlobalSection
EndGlobal
